// !$*UTF8*$!
{
	archiveVersion = 1;
	classes = {
	};
	objectVersion = 56;
	objects = {

/* Begin PBXBuildFile section */
		6B1EC07129688AD400692920 /* FZHomeViewController.swift in Sources */ = {isa = PBXBuildFile; fileRef = 6B1EC07029688AD400692920 /* FZHomeViewController.swift */; };
		6B1EC07429688AD400692920 /* Main.storyboard in Resources */ = {isa = PBXBuildFile; fileRef = 6B1EC07229688AD400692920 /* Main.storyboard */; };
		6B1EC07629688AD600692920 /* Assets.xcassets in Resources */ = {isa = PBXBuildFile; fileRef = 6B1EC07529688AD600692920 /* Assets.xcassets */; };
		6B1EC07929688AD600692920 /* LaunchScreen.storyboard in Resources */ = {isa = PBXBuildFile; fileRef = 6B1EC07729688AD600692920 /* LaunchScreen.storyboard */; };
		6B84554C296891C2002DC6F4 /* AppDelegate.swift in Sources */ = {isa = PBXBuildFile; fileRef = 6B84554A296891C2002DC6F4 /* AppDelegate.swift */; };
		6B84554D296891C2002DC6F4 /* SceneDelegate.swift in Sources */ = {isa = PBXBuildFile; fileRef = 6B84554B296891C2002DC6F4 /* SceneDelegate.swift */; };
		6BD78A2029692AD200DBD420 /* FZNetworkManager.swift in Sources */ = {isa = PBXBuildFile; fileRef = 6BD78A1F29692AD200DBD420 /* FZNetworkManager.swift */; };
		6BD78A2329692B3700DBD420 /* Alamofire in Frameworks */ = {isa = PBXBuildFile; productRef = 6BD78A2229692B3700DBD420 /* Alamofire */; };
		6BD78A2529692E9500DBD420 /* FZBaseService.swift in Sources */ = {isa = PBXBuildFile; fileRef = 6BD78A2429692E9500DBD420 /* FZBaseService.swift */; };
		6BD78A2729692EFF00DBD420 /* FZTransactionService.swift in Sources */ = {isa = PBXBuildFile; fileRef = 6BD78A2629692EFF00DBD420 /* FZTransactionService.swift */; };
		6BD78A2B2969300000DBD420 /* FZHomeModel.swift in Sources */ = {isa = PBXBuildFile; fileRef = 6BD78A2A2969300000DBD420 /* FZHomeModel.swift */; };
		6BD78A2E2969323000DBD420 /* FZEndPoints.swift in Sources */ = {isa = PBXBuildFile; fileRef = 6BD78A2D2969323000DBD420 /* FZEndPoints.swift */; };
		6BD78A302969384700DBD420 /* FZHomeViewModel.swift in Sources */ = {isa = PBXBuildFile; fileRef = 6BD78A2F2969384700DBD420 /* FZHomeViewModel.swift */; };
		6BD78A33296940BC00DBD420 /* FZRootCoordinator.swift in Sources */ = {isa = PBXBuildFile; fileRef = 6BD78A32296940BC00DBD420 /* FZRootCoordinator.swift */; };
		6BD78A35296940E300DBD420 /* FZNavigationCoordinator.swift in Sources */ = {isa = PBXBuildFile; fileRef = 6BD78A34296940E300DBD420 /* FZNavigationCoordinator.swift */; };
		6BD78A372969412E00DBD420 /* FZAppCoordinator.swift in Sources */ = {isa = PBXBuildFile; fileRef = 6BD78A362969412E00DBD420 /* FZAppCoordinator.swift */; };
		6BD78A392969419300DBD420 /* FZHomeCoordinator.swift in Sources */ = {isa = PBXBuildFile; fileRef = 6BD78A382969419300DBD420 /* FZHomeCoordinator.swift */; };
/* End PBXBuildFile section */

/* Begin PBXFileReference section */
		6B1EC06929688AD400692920 /* Finzzy.app */ = {isa = PBXFileReference; explicitFileType = wrapper.application; includeInIndex = 0; path = Finzzy.app; sourceTree = BUILT_PRODUCTS_DIR; };
		6B1EC07029688AD400692920 /* FZHomeViewController.swift */ = {isa = PBXFileReference; lastKnownFileType = sourcecode.swift; path = FZHomeViewController.swift; sourceTree = "<group>"; };
		6B1EC07329688AD400692920 /* Base */ = {isa = PBXFileReference; lastKnownFileType = file.storyboard; name = Base; path = Base.lproj/Main.storyboard; sourceTree = "<group>"; };
		6B1EC07529688AD600692920 /* Assets.xcassets */ = {isa = PBXFileReference; lastKnownFileType = folder.assetcatalog; path = Assets.xcassets; sourceTree = "<group>"; };
		6B1EC07829688AD600692920 /* Base */ = {isa = PBXFileReference; lastKnownFileType = file.storyboard; name = Base; path = Base.lproj/LaunchScreen.storyboard; sourceTree = "<group>"; };
		6B84554A296891C2002DC6F4 /* AppDelegate.swift */ = {isa = PBXFileReference; fileEncoding = 4; lastKnownFileType = sourcecode.swift; path = AppDelegate.swift; sourceTree = "<group>"; };
		6B84554B296891C2002DC6F4 /* SceneDelegate.swift */ = {isa = PBXFileReference; fileEncoding = 4; lastKnownFileType = sourcecode.swift; path = SceneDelegate.swift; sourceTree = "<group>"; };
		6B84554E296891D3002DC6F4 /* Info.plist */ = {isa = PBXFileReference; fileEncoding = 4; lastKnownFileType = text.plist.xml; path = Info.plist; sourceTree = "<group>"; };
		6BD78A1F29692AD200DBD420 /* FZNetworkManager.swift */ = {isa = PBXFileReference; lastKnownFileType = sourcecode.swift; path = FZNetworkManager.swift; sourceTree = "<group>"; };
		6BD78A2429692E9500DBD420 /* FZBaseService.swift */ = {isa = PBXFileReference; lastKnownFileType = sourcecode.swift; path = FZBaseService.swift; sourceTree = "<group>"; };
		6BD78A2629692EFF00DBD420 /* FZTransactionService.swift */ = {isa = PBXFileReference; lastKnownFileType = sourcecode.swift; path = FZTransactionService.swift; sourceTree = "<group>"; };
		6BD78A2A2969300000DBD420 /* FZHomeModel.swift */ = {isa = PBXFileReference; lastKnownFileType = sourcecode.swift; path = FZHomeModel.swift; sourceTree = "<group>"; };
		6BD78A2D2969323000DBD420 /* FZEndPoints.swift */ = {isa = PBXFileReference; lastKnownFileType = sourcecode.swift; path = FZEndPoints.swift; sourceTree = "<group>"; };
		6BD78A2F2969384700DBD420 /* FZHomeViewModel.swift */ = {isa = PBXFileReference; lastKnownFileType = sourcecode.swift; path = FZHomeViewModel.swift; sourceTree = "<group>"; };
		6BD78A32296940BC00DBD420 /* FZRootCoordinator.swift */ = {isa = PBXFileReference; lastKnownFileType = sourcecode.swift; path = FZRootCoordinator.swift; sourceTree = "<group>"; };
		6BD78A34296940E300DBD420 /* FZNavigationCoordinator.swift */ = {isa = PBXFileReference; lastKnownFileType = sourcecode.swift; path = FZNavigationCoordinator.swift; sourceTree = "<group>"; };
		6BD78A362969412E00DBD420 /* FZAppCoordinator.swift */ = {isa = PBXFileReference; lastKnownFileType = sourcecode.swift; path = FZAppCoordinator.swift; sourceTree = "<group>"; };
		6BD78A382969419300DBD420 /* FZHomeCoordinator.swift */ = {isa = PBXFileReference; lastKnownFileType = sourcecode.swift; path = FZHomeCoordinator.swift; sourceTree = "<group>"; };
/* End PBXFileReference section */

/* Begin PBXFrameworksBuildPhase section */
		6B1EC06629688AD400692920 /* Frameworks */ = {
			isa = PBXFrameworksBuildPhase;
			buildActionMask = 2147483647;
			files = (
				6BD78A2329692B3700DBD420 /* Alamofire in Frameworks */,
			);
			runOnlyForDeploymentPostprocessing = 0;
		};
/* End PBXFrameworksBuildPhase section */

/* Begin PBXGroup section */
		6B1EC06029688AD400692920 = {
			isa = PBXGroup;
			children = (
				6B1EC06B29688AD400692920 /* Finzzy */,
				6B1EC06A29688AD400692920 /* Products */,
			);
			sourceTree = "<group>";
		};
		6B1EC06A29688AD400692920 /* Products */ = {
			isa = PBXGroup;
			children = (
				6B1EC06929688AD400692920 /* Finzzy.app */,
			);
			name = Products;
			sourceTree = "<group>";
		};
		6B1EC06B29688AD400692920 /* Finzzy */ = {
			isa = PBXGroup;
			children = (
				6B84552629688F43002DC6F4 /* Main */,
				6BD78A31296940AE00DBD420 /* Coordinators */,
				6B84552729688F54002DC6F4 /* Modules */,
				6BD78A1D29692AB200DBD420 /* Manager */,
				6BD78A1E29692AB900DBD420 /* Services */,
				6BD78A2C296931ED00DBD420 /* Utilities */,
				6B84552929688FC0002DC6F4 /* Resources */,
			);
			path = Finzzy;
			sourceTree = "<group>";
		};
		6B84552629688F43002DC6F4 /* Main */ = {
			isa = PBXGroup;
			children = (
				6B84554A296891C2002DC6F4 /* AppDelegate.swift */,
				6B84554B296891C2002DC6F4 /* SceneDelegate.swift */,
				6BD78A362969412E00DBD420 /* FZAppCoordinator.swift */,
				6B84554E296891D3002DC6F4 /* Info.plist */,
			);
			path = Main;
			sourceTree = "<group>";
		};
		6B84552729688F54002DC6F4 /* Modules */ = {
			isa = PBXGroup;
			children = (
				6BD78A2829692FDC00DBD420 /* Home */,
				6B84552829688F9C002DC6F4 /* LaunchScreen */,
			);
			path = Modules;
			sourceTree = "<group>";
		};
		6B84552829688F9C002DC6F4 /* LaunchScreen */ = {
			isa = PBXGroup;
			children = (
				6B1EC07729688AD600692920 /* LaunchScreen.storyboard */,
			);
			path = LaunchScreen;
			sourceTree = "<group>";
		};
		6B84552929688FC0002DC6F4 /* Resources */ = {
			isa = PBXGroup;
			children = (
				6B1EC07529688AD600692920 /* Assets.xcassets */,
			);
			path = Resources;
			sourceTree = "<group>";
		};
		6BD78A1D29692AB200DBD420 /* Manager */ = {
			isa = PBXGroup;
			children = (
				6BD78A1F29692AD200DBD420 /* FZNetworkManager.swift */,
			);
			path = Manager;
			sourceTree = "<group>";
		};
		6BD78A1E29692AB900DBD420 /* Services */ = {
			isa = PBXGroup;
			children = (
				6BD78A2429692E9500DBD420 /* FZBaseService.swift */,
				6BD78A2629692EFF00DBD420 /* FZTransactionService.swift */,
			);
			path = Services;
			sourceTree = "<group>";
		};
		6BD78A2829692FDC00DBD420 /* Home */ = {
			isa = PBXGroup;
			children = (
				6BD78A2A2969300000DBD420 /* FZHomeModel.swift */,
				6BD78A382969419300DBD420 /* FZHomeCoordinator.swift */,
				6BD78A2F2969384700DBD420 /* FZHomeViewModel.swift */,
				6B1EC07029688AD400692920 /* FZHomeViewController.swift */,
				6B1EC07229688AD400692920 /* Main.storyboard */,
			);
			path = Home;
			sourceTree = "<group>";
		};
		6BD78A2C296931ED00DBD420 /* Utilities */ = {
			isa = PBXGroup;
			children = (
				6BD78A2D2969323000DBD420 /* FZEndPoints.swift */,
			);
			path = Utilities;
			sourceTree = "<group>";
		};
		6BD78A31296940AE00DBD420 /* Coordinators */ = {
			isa = PBXGroup;
			children = (
				6BD78A32296940BC00DBD420 /* FZRootCoordinator.swift */,
				6BD78A34296940E300DBD420 /* FZNavigationCoordinator.swift */,
			);
			path = Coordinators;
			sourceTree = "<group>";
		};
/* End PBXGroup section */

/* Begin PBXNativeTarget section */
		6B1EC06829688AD400692920 /* Finzzy */ = {
			isa = PBXNativeTarget;
			buildConfigurationList = 6B1EC07D29688AD600692920 /* Build configuration list for PBXNativeTarget "Finzzy" */;
			buildPhases = (
				6B1EC06529688AD400692920 /* Sources */,
				6B1EC06629688AD400692920 /* Frameworks */,
				6B1EC06729688AD400692920 /* Resources */,
			);
			buildRules = (
			);
			dependencies = (
			);
			name = Finzzy;
			packageProductDependencies = (
				6BD78A2229692B3700DBD420 /* Alamofire */,
			);
			productName = Finzzy;
			productReference = 6B1EC06929688AD400692920 /* Finzzy.app */;
			productType = "com.apple.product-type.application";
		};
/* End PBXNativeTarget section */

/* Begin PBXProject section */
		6B1EC06129688AD400692920 /* Project object */ = {
			isa = PBXProject;
			attributes = {
				BuildIndependentTargetsInParallel = 1;
				LastSwiftUpdateCheck = 1420;
				LastUpgradeCheck = 1420;
				TargetAttributes = {
					6B1EC06829688AD400692920 = {
						CreatedOnToolsVersion = 14.2;
					};
				};
			};
			buildConfigurationList = 6B1EC06429688AD400692920 /* Build configuration list for PBXProject "Finzzy" */;
			compatibilityVersion = "Xcode 14.0";
			developmentRegion = en;
			hasScannedForEncodings = 0;
			knownRegions = (
				en,
				Base,
			);
			mainGroup = 6B1EC06029688AD400692920;
			packageReferences = (
				6BD78A2129692B3700DBD420 /* XCRemoteSwiftPackageReference "Alamofire" */,
			);
			productRefGroup = 6B1EC06A29688AD400692920 /* Products */;
			projectDirPath = "";
			projectRoot = "";
			targets = (
				6B1EC06829688AD400692920 /* Finzzy */,
			);
		};
/* End PBXProject section */

/* Begin PBXResourcesBuildPhase section */
		6B1EC06729688AD400692920 /* Resources */ = {
			isa = PBXResourcesBuildPhase;
			buildActionMask = 2147483647;
			files = (
				6B1EC07929688AD600692920 /* LaunchScreen.storyboard in Resources */,
				6B1EC07629688AD600692920 /* Assets.xcassets in Resources */,
				6B1EC07429688AD400692920 /* Main.storyboard in Resources */,
			);
			runOnlyForDeploymentPostprocessing = 0;
		};
/* End PBXResourcesBuildPhase section */

/* Begin PBXSourcesBuildPhase section */
		6B1EC06529688AD400692920 /* Sources */ = {
			isa = PBXSourcesBuildPhase;
			buildActionMask = 2147483647;
			files = (
				6BD78A2029692AD200DBD420 /* FZNetworkManager.swift in Sources */,
				6B84554C296891C2002DC6F4 /* AppDelegate.swift in Sources */,
				6B1EC07129688AD400692920 /* FZHomeViewController.swift in Sources */,
				6BD78A35296940E300DBD420 /* FZNavigationCoordinator.swift in Sources */,
				6BD78A2529692E9500DBD420 /* FZBaseService.swift in Sources */,
				6BD78A2B2969300000DBD420 /* FZHomeModel.swift in Sources */,
				6BD78A372969412E00DBD420 /* FZAppCoordinator.swift in Sources */,
				6BD78A392969419300DBD420 /* FZHomeCoordinator.swift in Sources */,
				6BD78A2729692EFF00DBD420 /* FZTransactionService.swift in Sources */,
				6BD78A2E2969323000DBD420 /* FZEndPoints.swift in Sources */,
				6BD78A302969384700DBD420 /* FZHomeViewModel.swift in Sources */,
				6BD78A33296940BC00DBD420 /* FZRootCoordinator.swift in Sources */,
				6B84554D296891C2002DC6F4 /* SceneDelegate.swift in Sources */,
			);
			runOnlyForDeploymentPostprocessing = 0;
		};
/* End PBXSourcesBuildPhase section */

/* Begin PBXVariantGroup section */
		6B1EC07229688AD400692920 /* Main.storyboard */ = {
			isa = PBXVariantGroup;
			children = (
				6B1EC07329688AD400692920 /* Base */,
			);
			name = Main.storyboard;
			sourceTree = "<group>";
		};
		6B1EC07729688AD600692920 /* LaunchScreen.storyboard */ = {
			isa = PBXVariantGroup;
			children = (
				6B1EC07829688AD600692920 /* Base */,
			);
			name = LaunchScreen.storyboard;
			sourceTree = "<group>";
		};
/* End PBXVariantGroup section */

/* Begin XCBuildConfiguration section */
		6B1EC07B29688AD600692920 /* Debug */ = {
			isa = XCBuildConfiguration;
			buildSettings = {
				ALWAYS_SEARCH_USER_PATHS = NO;
				CLANG_ANALYZER_NONNULL = YES;
				CLANG_ANALYZER_NUMBER_OBJECT_CONVERSION = YES_AGGRESSIVE;
				CLANG_CXX_LANGUAGE_STANDARD = "gnu++20";
				CLANG_ENABLE_MODULES = YES;
				CLANG_ENABLE_OBJC_ARC = YES;
				CLANG_ENABLE_OBJC_WEAK = YES;
				CLANG_WARN_BLOCK_CAPTURE_AUTORELEASING = YES;
				CLANG_WARN_BOOL_CONVERSION = YES;
				CLANG_WARN_COMMA = YES;
				CLANG_WARN_CONSTANT_CONVERSION = YES;
				CLANG_WARN_DEPRECATED_OBJC_IMPLEMENTATIONS = YES;
				CLANG_WARN_DIRECT_OBJC_ISA_USAGE = YES_ERROR;
				CLANG_WARN_DOCUMENTATION_COMMENTS = YES;
				CLANG_WARN_EMPTY_BODY = YES;
				CLANG_WARN_ENUM_CONVERSION = YES;
				CLANG_WARN_INFINITE_RECURSION = YES;
				CLANG_WARN_INT_CONVERSION = YES;
				CLANG_WARN_NON_LITERAL_NULL_CONVERSION = YES;
				CLANG_WARN_OBJC_IMPLICIT_RETAIN_SELF = YES;
				CLANG_WARN_OBJC_LITERAL_CONVERSION = YES;
				CLANG_WARN_OBJC_ROOT_CLASS = YES_ERROR;
				CLANG_WARN_QUOTED_INCLUDE_IN_FRAMEWORK_HEADER = YES;
				CLANG_WARN_RANGE_LOOP_ANALYSIS = YES;
				CLANG_WARN_STRICT_PROTOTYPES = YES;
				CLANG_WARN_SUSPICIOUS_MOVE = YES;
				CLANG_WARN_UNGUARDED_AVAILABILITY = YES_AGGRESSIVE;
				CLANG_WARN_UNREACHABLE_CODE = YES;
				CLANG_WARN__DUPLICATE_METHOD_MATCH = YES;
				COPY_PHASE_STRIP = NO;
				DEBUG_INFORMATION_FORMAT = dwarf;
				ENABLE_STRICT_OBJC_MSGSEND = YES;
				ENABLE_TESTABILITY = YES;
				GCC_C_LANGUAGE_STANDARD = gnu11;
				GCC_DYNAMIC_NO_PIC = NO;
				GCC_NO_COMMON_BLOCKS = YES;
				GCC_OPTIMIZATION_LEVEL = 0;
				GCC_PREPROCESSOR_DEFINITIONS = (
					"DEBUG=1",
					"$(inherited)",
				);
				GCC_WARN_64_TO_32_BIT_CONVERSION = YES;
				GCC_WARN_ABOUT_RETURN_TYPE = YES_ERROR;
				GCC_WARN_UNDECLARED_SELECTOR = YES;
				GCC_WARN_UNINITIALIZED_AUTOS = YES_AGGRESSIVE;
				GCC_WARN_UNUSED_FUNCTION = YES;
				GCC_WARN_UNUSED_VARIABLE = YES;
				INFOPLIST_KEY_UIUserInterfaceStyle = Automatic;
				IPHONEOS_DEPLOYMENT_TARGET = 16.0;
				MTL_ENABLE_DEBUG_INFO = INCLUDE_SOURCE;
				MTL_FAST_MATH = YES;
				ONLY_ACTIVE_ARCH = YES;
				SDKROOT = iphoneos;
				SWIFT_ACTIVE_COMPILATION_CONDITIONS = DEBUG;
				SWIFT_OPTIMIZATION_LEVEL = "-Onone";
			};
			name = Debug;
		};
		6B1EC07C29688AD600692920 /* Release */ = {
			isa = XCBuildConfiguration;
			buildSettings = {
				ALWAYS_SEARCH_USER_PATHS = NO;
				CLANG_ANALYZER_NONNULL = YES;
				CLANG_ANALYZER_NUMBER_OBJECT_CONVERSION = YES_AGGRESSIVE;
				CLANG_CXX_LANGUAGE_STANDARD = "gnu++20";
				CLANG_ENABLE_MODULES = YES;
				CLANG_ENABLE_OBJC_ARC = YES;
				CLANG_ENABLE_OBJC_WEAK = YES;
				CLANG_WARN_BLOCK_CAPTURE_AUTORELEASING = YES;
				CLANG_WARN_BOOL_CONVERSION = YES;
				CLANG_WARN_COMMA = YES;
				CLANG_WARN_CONSTANT_CONVERSION = YES;
				CLANG_WARN_DEPRECATED_OBJC_IMPLEMENTATIONS = YES;
				CLANG_WARN_DIRECT_OBJC_ISA_USAGE = YES_ERROR;
				CLANG_WARN_DOCUMENTATION_COMMENTS = YES;
				CLANG_WARN_EMPTY_BODY = YES;
				CLANG_WARN_ENUM_CONVERSION = YES;
				CLANG_WARN_INFINITE_RECURSION = YES;
				CLANG_WARN_INT_CONVERSION = YES;
				CLANG_WARN_NON_LITERAL_NULL_CONVERSION = YES;
				CLANG_WARN_OBJC_IMPLICIT_RETAIN_SELF = YES;
				CLANG_WARN_OBJC_LITERAL_CONVERSION = YES;
				CLANG_WARN_OBJC_ROOT_CLASS = YES_ERROR;
				CLANG_WARN_QUOTED_INCLUDE_IN_FRAMEWORK_HEADER = YES;
				CLANG_WARN_RANGE_LOOP_ANALYSIS = YES;
				CLANG_WARN_STRICT_PROTOTYPES = YES;
				CLANG_WARN_SUSPICIOUS_MOVE = YES;
				CLANG_WARN_UNGUARDED_AVAILABILITY = YES_AGGRESSIVE;
				CLANG_WARN_UNREACHABLE_CODE = YES;
				CLANG_WARN__DUPLICATE_METHOD_MATCH = YES;
				COPY_PHASE_STRIP = NO;
				DEBUG_INFORMATION_FORMAT = "dwarf-with-dsym";
				ENABLE_NS_ASSERTIONS = NO;
				ENABLE_STRICT_OBJC_MSGSEND = YES;
				GCC_C_LANGUAGE_STANDARD = gnu11;
				GCC_NO_COMMON_BLOCKS = YES;
				GCC_WARN_64_TO_32_BIT_CONVERSION = YES;
				GCC_WARN_ABOUT_RETURN_TYPE = YES_ERROR;
				GCC_WARN_UNDECLARED_SELECTOR = YES;
				GCC_WARN_UNINITIALIZED_AUTOS = YES_AGGRESSIVE;
				GCC_WARN_UNUSED_FUNCTION = YES;
				GCC_WARN_UNUSED_VARIABLE = YES;
				INFOPLIST_KEY_UIUserInterfaceStyle = Automatic;
				IPHONEOS_DEPLOYMENT_TARGET = 16.0;
				MTL_ENABLE_DEBUG_INFO = NO;
				MTL_FAST_MATH = YES;
				SDKROOT = iphoneos;
				SWIFT_COMPILATION_MODE = wholemodule;
				SWIFT_OPTIMIZATION_LEVEL = "-O";
				VALIDATE_PRODUCT = YES;
			};
			name = Release;
		};
		6B1EC07E29688AD600692920 /* Debug */ = {
			isa = XCBuildConfiguration;
			buildSettings = {
				ASSETCATALOG_COMPILER_APPICON_NAME = AppIcon;
				ASSETCATALOG_COMPILER_GLOBAL_ACCENT_COLOR_NAME = AccentColor;
				CODE_SIGN_STYLE = Manual;
				CURRENT_PROJECT_VERSION = 1;
				DEVELOPMENT_TEAM = "";
				GENERATE_INFOPLIST_FILE = YES;
				INFOPLIST_FILE = Finzzy/Main/Info.plist;
				INFOPLIST_KEY_LSApplicationCategoryType = "public.app-category.finance";
				INFOPLIST_KEY_UIApplicationSupportsIndirectInputEvents = YES;
				INFOPLIST_KEY_UILaunchStoryboardName = LaunchScreen;
				INFOPLIST_KEY_UISupportedInterfaceOrientations = UIInterfaceOrientationPortrait;
				IPHONEOS_DEPLOYMENT_TARGET = 16.0;
				LD_RUNPATH_SEARCH_PATHS = (
					"$(inherited)",
					"@executable_path/Frameworks",
				);
				MARKETING_VERSION = 1.0;
				PRODUCT_BUNDLE_IDENTIFIER = com.keshav.Finzzy;
				PRODUCT_NAME = "$(TARGET_NAME)";
				PROVISIONING_PROFILE_SPECIFIER = "";
				SUPPORTED_PLATFORMS = "iphoneos iphonesimulator";
				SUPPORTS_MACCATALYST = NO;
				SUPPORTS_MAC_DESIGNED_FOR_IPHONE_IPAD = NO;
				SWIFT_EMIT_LOC_STRINGS = YES;
				SWIFT_VERSION = 5.0;
				TARGETED_DEVICE_FAMILY = 1;
			};
			name = Debug;
		};
		6B1EC07F29688AD600692920 /* Release */ = {
			isa = XCBuildConfiguration;
			buildSettings = {
				ASSETCATALOG_COMPILER_APPICON_NAME = AppIcon;
				ASSETCATALOG_COMPILER_GLOBAL_ACCENT_COLOR_NAME = AccentColor;
				CODE_SIGN_STYLE = Manual;
				CURRENT_PROJECT_VERSION = 1;
				DEVELOPMENT_TEAM = "";
				GENERATE_INFOPLIST_FILE = YES;
				INFOPLIST_FILE = Finzzy/Main/Info.plist;
				INFOPLIST_KEY_LSApplicationCategoryType = "public.app-category.finance";
				INFOPLIST_KEY_UIApplicationSupportsIndirectInputEvents = YES;
				INFOPLIST_KEY_UILaunchStoryboardName = LaunchScreen;
				INFOPLIST_KEY_UISupportedInterfaceOrientations = UIInterfaceOrientationPortrait;
				IPHONEOS_DEPLOYMENT_TARGET = 16.0;
				LD_RUNPATH_SEARCH_PATHS = (
					"$(inherited)",
					"@executable_path/Frameworks",
				);
				MARKETING_VERSION = 1.0;
				PRODUCT_BUNDLE_IDENTIFIER = com.keshav.Finzzy;
				PRODUCT_NAME = "$(TARGET_NAME)";
				PROVISIONING_PROFILE_SPECIFIER = "";
				SUPPORTED_PLATFORMS = "iphoneos iphonesimulator";
				SUPPORTS_MACCATALYST = NO;
				SUPPORTS_MAC_DESIGNED_FOR_IPHONE_IPAD = NO;
				SWIFT_EMIT_LOC_STRINGS = YES;
				SWIFT_VERSION = 5.0;
				TARGETED_DEVICE_FAMILY = 1;
			};
			name = Release;
		};
/* End XCBuildConfiguration section */

/* Begin XCConfigurationList section */
		6B1EC06429688AD400692920 /* Build configuration list for PBXProject "Finzzy" */ = {
			isa = XCConfigurationList;
			buildConfigurations = (
				6B1EC07B29688AD600692920 /* Debug */,
				6B1EC07C29688AD600692920 /* Release */,
			);
			defaultConfigurationIsVisible = 0;
			defaultConfigurationName = Release;
		};
		6B1EC07D29688AD600692920 /* Build configuration list for PBXNativeTarget "Finzzy" */ = {
			isa = XCConfigurationList;
			buildConfigurations = (
				6B1EC07E29688AD600692920 /* Debug */,
				6B1EC07F29688AD600692920 /* Release */,
			);
			defaultConfigurationIsVisible = 0;
			defaultConfigurationName = Release;
		};
/* End XCConfigurationList section */

/* Begin XCRemoteSwiftPackageReference section */
		6BD78A2129692B3700DBD420 /* XCRemoteSwiftPackageReference "Alamofire" */ = {
			isa = XCRemoteSwiftPackageReference;
			repositoryURL = "https://github.com/Alamofire/Alamofire.git";
			requirement = {
				kind = upToNextMajorVersion;
				minimumVersion = 5.0.0;
			};
		};
/* End XCRemoteSwiftPackageReference section */

/* Begin XCSwiftPackageProductDependency section */
		6BD78A2229692B3700DBD420 /* Alamofire */ = {
			isa = XCSwiftPackageProductDependency;
			package = 6BD78A2129692B3700DBD420 /* XCRemoteSwiftPackageReference "Alamofire" */;
			productName = Alamofire;
		};
/* End XCSwiftPackageProductDependency section */
	};
	rootObject = 6B1EC06129688AD400692920 /* Project object */;
}
